
Microsoft Visual Studio Solution File, Format Version 12.00
# Visual Studio 15
VisualStudioVersion = 15.0.28307.539
MinimumVisualStudioVersion = 10.0.40219.1
Project("{FAE04EC0-301F-11D3-BF4B-00C04F79EFBC}") = "LegalinX-NameSorter", "LegalinX-NameSorter\LegalinX-NameSorter.csproj", "{028E18EA-6629-4E30-BE9A-D4BBA4EC6324}"
EndProject
Project("{FAE04EC0-301F-11D3-BF4B-00C04F79EFBC}") = "LegalinX-NameSorterTests", "LegalinX-NameSorterTests\LegalinX-NameSorterTests.csproj", "{C2388FB9-273D-4FD8-A136-A163213A2BD7}"
EndProject
Global
	GlobalSection(SolutionConfigurationPlatforms) = preSolution
		Debug|Any CPU = Debug|Any CPU
		Release|Any CPU = Release|Any CPU
	EndGlobalSection
	GlobalSection(ProjectConfigurationPlatforms) = postSolution
		{028E18EA-6629-4E30-BE9A-D4BBA4EC6324}.Debug|Any CPU.ActiveCfg = Debug|Any CPU
		{028E18EA-6629-4E30-BE9A-D4BBA4EC6324}.Debug|Any CPU.Build.0 = Debug|Any CPU
		{028E18EA-6629-4E30-BE9A-D4BBA4EC6324}.Release|Any CPU.ActiveCfg = Release|Any CPU
		{028E18EA-6629-4E30-BE9A-D4BBA4EC6324}.Release|Any CPU.Build.0 = Release|Any CPU
		{C2388FB9-273D-4FD8-A136-A163213A2BD7}.Debug|Any CPU.ActiveCfg = Debug|Any CPU
		{C2388FB9-273D-4FD8-A136-A163213A2BD7}.Debug|Any CPU.Build.0 = Debug|Any CPU
		{C2388FB9-273D-4FD8-A136-A163213A2BD7}.Release|Any CPU.ActiveCfg = Release|Any CPU
		{C2388FB9-273D-4FD8-A136-A163213A2BD7}.Release|Any CPU.Build.0 = Release|Any CPU
	EndGlobalSection
	GlobalSection(SolutionProperties) = preSolution
		HideSolutionNode = FALSE
	EndGlobalSection
	GlobalSection(ExtensibilityGlobals) = postSolution
		SolutionGuid = {95954BA9-3017-4679-B0FD-9D07EE566322}
	EndGlobalSection
EndGlobal
